// !$*UTF8*$!
{
	archiveVersion = 1;
	classes = {
	};
	objectVersion = 46;
	objects = {

/* Begin PBXBuildFile section */
		3FB136791E979C7600C704DF /* AppDelegate.swift in Sources */ = {isa = PBXBuildFile; fileRef = 3FB136781E979C7600C704DF /* AppDelegate.swift */; };
		3FB1367B1E979C7600C704DF /* ViewController.swift in Sources */ = {isa = PBXBuildFile; fileRef = 3FB1367A1E979C7600C704DF /* ViewController.swift */; };
		3FB1367E1E979C7600C704DF /* Main.storyboard in Resources */ = {isa = PBXBuildFile; fileRef = 3FB1367C1E979C7600C704DF /* Main.storyboard */; };
		3FB136811E979C7600C704DF /* JohannesStraussHelloWorld.xcdatamodeld in Sources */ = {isa = PBXBuildFile; fileRef = 3FB1367F1E979C7600C704DF /* JohannesStraussHelloWorld.xcdatamodeld */; };
		3FB136831E979C7600C704DF /* Assets.xcassets in Resources */ = {isa = PBXBuildFile; fileRef = 3FB136821E979C7600C704DF /* Assets.xcassets */; };
		3FB136861E979C7600C704DF /* LaunchScreen.storyboard in Resources */ = {isa = PBXBuildFile; fileRef = 3FB136841E979C7600C704DF /* LaunchScreen.storyboard */; };
		3FB136911E979C7600C704DF /* JohannesStraussHelloWorldTests.swift in Sources */ = {isa = PBXBuildFile; fileRef = 3FB136901E979C7600C704DF /* JohannesStraussHelloWorldTests.swift */; };
		3FB1369C1E979C7600C704DF /* JohannesStraussHelloWorldUITests.swift in Sources */ = {isa = PBXBuildFile; fileRef = 3FB1369B1E979C7600C704DF /* JohannesStraussHelloWorldUITests.swift */; };
/* End PBXBuildFile section */

/* Begin PBXContainerItemProxy section */
		3FB1368D1E979C7600C704DF /* PBXContainerItemProxy */ = {
			isa = PBXContainerItemProxy;
			containerPortal = 3FB1366D1E979C7500C704DF /* Project object */;
			proxyType = 1;
			remoteGlobalIDString = 3FB136741E979C7600C704DF;
			remoteInfo = JohannesStraussHelloWorld;
		};
		3FB136981E979C7600C704DF /* PBXContainerItemProxy */ = {
			isa = PBXContainerItemProxy;
			containerPortal = 3FB1366D1E979C7500C704DF /* Project object */;
			proxyType = 1;
			remoteGlobalIDString = 3FB136741E979C7600C704DF;
			remoteInfo = JohannesStraussHelloWorld;
		};
/* End PBXContainerItemProxy section */

/* Begin PBXFileReference section */
		3FB136751E979C7600C704DF /* JohannesStraussHelloWorld.app */ = {isa = PBXFileReference; explicitFileType = wrapper.application; includeInIndex = 0; path = JohannesStraussHelloWorld.app; sourceTree = BUILT_PRODUCTS_DIR; };
		3FB136781E979C7600C704DF /* AppDelegate.swift */ = {isa = PBXFileReference; lastKnownFileType = sourcecode.swift; path = AppDelegate.swift; sourceTree = "<group>"; };
		3FB1367A1E979C7600C704DF /* ViewController.swift */ = {isa = PBXFileReference; lastKnownFileType = sourcecode.swift; path = ViewController.swift; sourceTree = "<group>"; };
		3FB1367D1E979C7600C704DF /* Base */ = {isa = PBXFileReference; lastKnownFileType = file.storyboard; name = Base; path = Base.lproj/Main.storyboard; sourceTree = "<group>"; };
		3FB136801E979C7600C704DF /* JohannesStraussHelloWorld.xcdatamodel */ = {isa = PBXFileReference; lastKnownFileType = wrapper.xcdatamodel; path = JohannesStraussHelloWorld.xcdatamodel; sourceTree = "<group>"; };
		3FB136821E979C7600C704DF /* Assets.xcassets */ = {isa = PBXFileReference; lastKnownFileType = folder.assetcatalog; path = Assets.xcassets; sourceTree = "<group>"; };
		3FB136851E979C7600C704DF /* Base */ = {isa = PBXFileReference; lastKnownFileType = file.storyboard; name = Base; path = Base.lproj/LaunchScreen.storyboard; sourceTree = "<group>"; };
		3FB136871E979C7600C704DF /* Info.plist */ = {isa = PBXFileReference; lastKnownFileType = text.plist.xml; path = Info.plist; sourceTree = "<group>"; };
		3FB1368C1E979C7600C704DF /* JohannesStraussHelloWorldTests.xctest */ = {isa = PBXFileReference; explicitFileType = wrapper.cfbundle; includeInIndex = 0; path = JohannesStraussHelloWorldTests.xctest; sourceTree = BUILT_PRODUCTS_DIR; };
		3FB136901E979C7600C704DF /* JohannesStraussHelloWorldTests.swift */ = {isa = PBXFileReference; lastKnownFileType = sourcecode.swift; path = JohannesStraussHelloWorldTests.swift; sourceTree = "<group>"; };
		3FB136921E979C7600C704DF /* Info.plist */ = {isa = PBXFileReference; lastKnownFileType = text.plist.xml; path = Info.plist; sourceTree = "<group>"; };
		3FB136971E979C7600C704DF /* JohannesStraussHelloWorldUITests.xctest */ = {isa = PBXFileReference; explicitFileType = wrapper.cfbundle; includeInIndex = 0; path = JohannesStraussHelloWorldUITests.xctest; sourceTree = BUILT_PRODUCTS_DIR; };
		3FB1369B1E979C7600C704DF /* JohannesStraussHelloWorldUITests.swift */ = {isa = PBXFileReference; lastKnownFileType = sourcecode.swift; path = JohannesStraussHelloWorldUITests.swift; sourceTree = "<group>"; };
		3FB1369D1E979C7600C704DF /* Info.plist */ = {isa = PBXFileReference; lastKnownFileType = text.plist.xml; path = Info.plist; sourceTree = "<group>"; };
/* End PBXFileReference section */

/* Begin PBXFrameworksBuildPhase section */
		3FB136721E979C7600C704DF /* Frameworks */ = {
			isa = PBXFrameworksBuildPhase;
			buildActionMask = 2147483647;
			files = (
			);
			runOnlyForDeploymentPostprocessing = 0;
		};
		3FB136891E979C7600C704DF /* Frameworks */ = {
			isa = PBXFrameworksBuildPhase;
			buildActionMask = 2147483647;
			files = (
			);
			runOnlyForDeploymentPostprocessing = 0;
		};
		3FB136941E979C7600C704DF /* Frameworks */ = {
			isa = PBXFrameworksBuildPhase;
			buildActionMask = 2147483647;
			files = (
			);
			runOnlyForDeploymentPostprocessing = 0;
		};
/* End PBXFrameworksBuildPhase section */

/* Begin PBXGroup section */
		3FB1366C1E979C7500C704DF = {
			isa = PBXGroup;
			children = (
				3FB136771E979C7600C704DF /* JohannesStraussHelloWorld */,
				3FB1368F1E979C7600C704DF /* JohannesStraussHelloWorldTests */,
				3FB1369A1E979C7600C704DF /* JohannesStraussHelloWorldUITests */,
				3FB136761E979C7600C704DF /* Products */,
			);
			sourceTree = "<group>";
		};
		3FB136761E979C7600C704DF /* Products */ = {
			isa = PBXGroup;
			children = (
				3FB136751E979C7600C704DF /* JohannesStraussHelloWorld.app */,
				3FB1368C1E979C7600C704DF /* JohannesStraussHelloWorldTests.xctest */,
				3FB136971E979C7600C704DF /* JohannesStraussHelloWorldUITests.xctest */,
			);
			name = Products;
			sourceTree = "<group>";
		};
		3FB136771E979C7600C704DF /* JohannesStraussHelloWorld */ = {
			isa = PBXGroup;
			children = (
				3FB136781E979C7600C704DF /* AppDelegate.swift */,
				3FB1367A1E979C7600C704DF /* ViewController.swift */,
				3FB1367C1E979C7600C704DF /* Main.storyboard */,
				3FB136821E979C7600C704DF /* Assets.xcassets */,
				3FB136841E979C7600C704DF /* LaunchScreen.storyboard */,
				3FB136871E979C7600C704DF /* Info.plist */,
				3FB1367F1E979C7600C704DF /* JohannesStraussHelloWorld.xcdatamodeld */,
			);
			path = JohannesStraussHelloWorld;
			sourceTree = "<group>";
		};
		3FB1368F1E979C7600C704DF /* JohannesStraussHelloWorldTests */ = {
			isa = PBXGroup;
			children = (
				3FB136901E979C7600C704DF /* JohannesStraussHelloWorldTests.swift */,
				3FB136921E979C7600C704DF /* Info.plist */,
			);
			path = JohannesStraussHelloWorldTests;
			sourceTree = "<group>";
		};
		3FB1369A1E979C7600C704DF /* JohannesStraussHelloWorldUITests */ = {
			isa = PBXGroup;
			children = (
				3FB1369B1E979C7600C704DF /* JohannesStraussHelloWorldUITests.swift */,
				3FB1369D1E979C7600C704DF /* Info.plist */,
			);
			path = JohannesStraussHelloWorldUITests;
			sourceTree = "<group>";
		};
/* End PBXGroup section */

/* Begin PBXNativeTarget section */
		3FB136741E979C7600C704DF /* JohannesStraussHelloWorld */ = {
			isa = PBXNativeTarget;
			buildConfigurationList = 3FB136A01E979C7600C704DF /* Build configuration list for PBXNativeTarget "JohannesStraussHelloWorld" */;
			buildPhases = (
				3FB136711E979C7600C704DF /* Sources */,
				3FB136721E979C7600C704DF /* Frameworks */,
				3FB136731E979C7600C704DF /* Resources */,
			);
			buildRules = (
			);
			dependencies = (
			);
			name = JohannesStraussHelloWorld;
			productName = JohannesStraussHelloWorld;
			productReference = 3FB136751E979C7600C704DF /* JohannesStraussHelloWorld.app */;
			productType = "com.apple.product-type.application";
		};
		3FB1368B1E979C7600C704DF /* JohannesStraussHelloWorldTests */ = {
			isa = PBXNativeTarget;
			buildConfigurationList = 3FB136A31E979C7600C704DF /* Build configuration list for PBXNativeTarget "JohannesStraussHelloWorldTests" */;
			buildPhases = (
				3FB136881E979C7600C704DF /* Sources */,
				3FB136891E979C7600C704DF /* Frameworks */,
				3FB1368A1E979C7600C704DF /* Resources */,
			);
			buildRules = (
			);
			dependencies = (
				3FB1368E1E979C7600C704DF /* PBXTargetDependency */,
			);
			name = JohannesStraussHelloWorldTests;
			productName = JohannesStraussHelloWorldTests;
			productReference = 3FB1368C1E979C7600C704DF /* JohannesStraussHelloWorldTests.xctest */;
			productType = "com.apple.product-type.bundle.unit-test";
		};
		3FB136961E979C7600C704DF /* JohannesStraussHelloWorldUITests */ = {
			isa = PBXNativeTarget;
			buildConfigurationList = 3FB136A61E979C7600C704DF /* Build configuration list for PBXNativeTarget "JohannesStraussHelloWorldUITests" */;
			buildPhases = (
				3FB136931E979C7600C704DF /* Sources */,
				3FB136941E979C7600C704DF /* Frameworks */,
				3FB136951E979C7600C704DF /* Resources */,
			);
			buildRules = (
			);
			dependencies = (
				3FB136991E979C7600C704DF /* PBXTargetDependency */,
			);
			name = JohannesStraussHelloWorldUITests;
			productName = JohannesStraussHelloWorldUITests;
			productReference = 3FB136971E979C7600C704DF /* JohannesStraussHelloWorldUITests.xctest */;
			productType = "com.apple.product-type.bundle.ui-testing";
		};
/* End PBXNativeTarget section */

/* Begin PBXProject section */
		3FB1366D1E979C7500C704DF /* Project object */ = {
			isa = PBXProject;
			attributes = {
				LastSwiftUpdateCheck = 0830;
				LastUpgradeCheck = 0830;
				ORGANIZATIONNAME = Student;
				TargetAttributes = {
					3FB136741E979C7600C704DF = {
						CreatedOnToolsVersion = 8.3;
						ProvisioningStyle = Automatic;
					};
					3FB1368B1E979C7600C704DF = {
						CreatedOnToolsVersion = 8.3;
						ProvisioningStyle = Automatic;
						TestTargetID = 3FB136741E979C7600C704DF;
					};
					3FB136961E979C7600C704DF = {
						CreatedOnToolsVersion = 8.3;
						ProvisioningStyle = Automatic;
						TestTargetID = 3FB136741E979C7600C704DF;
					};
				};
			};
			buildConfigurationList = 3FB136701E979C7500C704DF /* Build configuration list for PBXProject "JohannesStraussHelloWorld" */;
			compatibilityVersion = "Xcode 3.2";
			developmentRegion = English;
			hasScannedForEncodings = 0;
			knownRegions = (
				en,
				Base,
			);
			mainGroup = 3FB1366C1E979C7500C704DF;
			productRefGroup = 3FB136761E979C7600C704DF /* Products */;
			projectDirPath = "";
			projectRoot = "";
			targets = (
				3FB136741E979C7600C704DF /* JohannesStraussHelloWorld */,
				3FB1368B1E979C7600C704DF /* JohannesStraussHelloWorldTests */,
				3FB136961E979C7600C704DF /* JohannesStraussHelloWorldUITests */,
			);
		};
/* End PBXProject section */

/* Begin PBXResourcesBuildPhase section */
		3FB136731E979C7600C704DF /* Resources */ = {
			isa = PBXResourcesBuildPhase;
			buildActionMask = 2147483647;
			files = (
				3FB136861E979C7600C704DF /* LaunchScreen.storyboard in Resources */,
				3FB136831E979C7600C704DF /* Assets.xcassets in Resources */,
				3FB1367E1E979C7600C704DF /* Main.storyboard in Resources */,
			);
			runOnlyForDeploymentPostprocessing = 0;
		};
		3FB1368A1E979C7600C704DF /* Resources */ = {
			isa = PBXResourcesBuildPhase;
			buildActionMask = 2147483647;
			files = (
			);
			runOnlyForDeploymentPostprocessing = 0;
		};
		3FB136951E979C7600C704DF /* Resources */ = {
			isa = PBXResourcesBuildPhase;
			buildActionMask = 2147483647;
			files = (
			);
			runOnlyForDeploymentPostprocessing = 0;
		};
/* End PBXResourcesBuildPhase section */

/* Begin PBXSourcesBuildPhase section */
		3FB136711E979C7600C704DF /* Sources */ = {
			isa = PBXSourcesBuildPhase;
			buildActionMask = 2147483647;
			files = (
				3FB1367B1E979C7600C704DF /* ViewController.swift in Sources */,
				3FB136791E979C7600C704DF /* AppDelegate.swift in Sources */,
				3FB136811E979C7600C704DF /* JohannesStraussHelloWorld.xcdatamodeld in Sources */,
			);
			runOnlyForDeploymentPostprocessing = 0;
		};
		3FB136881E979C7600C704DF /* Sources */ = {
			isa = PBXSourcesBuildPhase;
			buildActionMask = 2147483647;
			files = (
				3FB136911E979C7600C704DF /* JohannesStraussHelloWorldTests.swift in Sources */,
			);
			runOnlyForDeploymentPostprocessing = 0;
		};
		3FB136931E979C7600C704DF /* Sources */ = {
			isa = PBXSourcesBuildPhase;
			buildActionMask = 2147483647;
			files = (
				3FB1369C1E979C7600C704DF /* JohannesStraussHelloWorldUITests.swift in Sources */,
			);
			runOnlyForDeploymentPostprocessing = 0;
		};
/* End PBXSourcesBuildPhase section */

/* Begin PBXTargetDependency section */
		3FB1368E1E979C7600C704DF /* PBXTargetDependency */ = {
			isa = PBXTargetDependency;
			target = 3FB136741E979C7600C704DF /* JohannesStraussHelloWorld */;
			targetProxy = 3FB1368D1E979C7600C704DF /* PBXContainerItemProxy */;
		};
		3FB136991E979C7600C704DF /* PBXTargetDependency */ = {
			isa = PBXTargetDependency;
			target = 3FB136741E979C7600C704DF /* JohannesStraussHelloWorld */;
			targetProxy = 3FB136981E979C7600C704DF /* PBXContainerItemProxy */;
		};
/* End PBXTargetDependency section */

/* Begin PBXVariantGroup section */
		3FB1367C1E979C7600C704DF /* Main.storyboard */ = {
			isa = PBXVariantGroup;
			children = (
				3FB1367D1E979C7600C704DF /* Base */,
			);
			name = Main.storyboard;
			sourceTree = "<group>";
		};
		3FB136841E979C7600C704DF /* LaunchScreen.storyboard */ = {
			isa = PBXVariantGroup;
			children = (
				3FB136851E979C7600C704DF /* Base */,
			);
			name = LaunchScreen.storyboard;
			sourceTree = "<group>";
		};
/* End PBXVariantGroup section */

/* Begin XCBuildConfiguration section */
		3FB1369E1E979C7600C704DF /* Debug */ = {
			isa = XCBuildConfiguration;
			buildSettings = {
				ALWAYS_SEARCH_USER_PATHS = NO;
				CLANG_ANALYZER_NONNULL = YES;
				CLANG_ANALYZER_NUMBER_OBJECT_CONVERSION = YES_AGGRESSIVE;
				CLANG_CXX_LANGUAGE_STANDARD = "gnu++0x";
				CLANG_CXX_LIBRARY = "libc++";
				CLANG_ENABLE_MODULES = YES;
				CLANG_ENABLE_OBJC_ARC = YES;
				CLANG_WARN_BOOL_CONVERSION = YES;
				CLANG_WARN_CONSTANT_CONVERSION = YES;
				CLANG_WARN_DIRECT_OBJC_ISA_USAGE = YES_ERROR;
				CLANG_WARN_DOCUMENTATION_COMMENTS = YES;
				CLANG_WARN_EMPTY_BODY = YES;
				CLANG_WARN_ENUM_CONVERSION = YES;
				CLANG_WARN_INFINITE_RECURSION = YES;
				CLANG_WARN_INT_CONVERSION = YES;
				CLANG_WARN_OBJC_ROOT_CLASS = YES_ERROR;
				CLANG_WARN_SUSPICIOUS_MOVE = YES;
				CLANG_WARN_UNREACHABLE_CODE = YES;
				CLANG_WARN__DUPLICATE_METHOD_MATCH = YES;
				"CODE_SIGN_IDENTITY[sdk=iphoneos*]" = "iPhone Developer";
				COPY_PHASE_STRIP = NO;
				DEBUG_INFORMATION_FORMAT = dwarf;
				ENABLE_STRICT_OBJC_MSGSEND = YES;
				ENABLE_TESTABILITY = YES;
				GCC_C_LANGUAGE_STANDARD = gnu99;
				GCC_DYNAMIC_NO_PIC = NO;
				GCC_NO_COMMON_BLOCKS = YES;
				GCC_OPTIMIZATION_LEVEL = 0;
				GCC_PREPROCESSOR_DEFINITIONS = (
					"DEBUG=1",
					"$(inherited)",
				);
				GCC_WARN_64_TO_32_BIT_CONVERSION = YES;
				GCC_WARN_ABOUT_RETURN_TYPE = YES_ERROR;
				GCC_WARN_UNDECLARED_SELECTOR = YES;
				GCC_WARN_UNINITIALIZED_AUTOS = YES_AGGRESSIVE;
				GCC_WARN_UNUSED_FUNCTION = YES;
				GCC_WARN_UNUSED_VARIABLE = YES;
				IPHONEOS_DEPLOYMENT_TARGET = 10.3;
				MTL_ENABLE_DEBUG_INFO = YES;
				ONLY_ACTIVE_ARCH = YES;
				SDKROOT = iphoneos;
				SWIFT_ACTIVE_COMPILATION_CONDITIONS = DEBUG;
				SWIFT_OPTIMIZATION_LEVEL = "-Onone";
				TARGETED_DEVICE_FAMILY = "1,2";
			};
			name = Debug;
		};
		3FB1369F1E979C7600C704DF /* Release */ = {
			isa = XCBuildConfiguration;
			buildSettings = {
				ALWAYS_SEARCH_USER_PATHS = NO;
				CLANG_ANALYZER_NONNULL = YES;
				CLANG_ANALYZER_NUMBER_OBJECT_CONVERSION = YES_AGGRESSIVE;
				CLANG_CXX_LANGUAGE_STANDARD = "gnu++0x";
				CLANG_CXX_LIBRARY = "libc++";
				CLANG_ENABLE_MODULES = YES;
				CLANG_ENABLE_OBJC_ARC = YES;
				CLANG_WARN_BOOL_CONVERSION = YES;
				CLANG_WARN_CONSTANT_CONVERSION = YES;
				CLANG_WARN_DIRECT_OBJC_ISA_USAGE = YES_ERROR;
				CLANG_WARN_DOCUMENTATION_COMMENTS = YES;
				CLANG_WARN_EMPTY_BODY = YES;
				CLANG_WARN_ENUM_CONVERSION = YES;
				CLANG_WARN_INFINITE_RECURSION = YES;
				CLANG_WARN_INT_CONVERSION = YES;
				CLANG_WARN_OBJC_ROOT_CLASS = YES_ERROR;
				CLANG_WARN_SUSPICIOUS_MOVE = YES;
				CLANG_WARN_UNREACHABLE_CODE = YES;
				CLANG_WARN__DUPLICATE_METHOD_MATCH = YES;
				"CODE_SIGN_IDENTITY[sdk=iphoneos*]" = "iPhone Developer";
				COPY_PHASE_STRIP = NO;
				DEBUG_INFORMATION_FORMAT = "dwarf-with-dsym";
				ENABLE_NS_ASSERTIONS = NO;
				ENABLE_STRICT_OBJC_MSGSEND = YES;
				GCC_C_LANGUAGE_STANDARD = gnu99;
				GCC_NO_COMMON_BLOCKS = YES;
				GCC_WARN_64_TO_32_BIT_CONVERSION = YES;
				GCC_WARN_ABOUT_RETURN_TYPE = YES_ERROR;
				GCC_WARN_UNDECLARED_SELECTOR = YES;
				GCC_WARN_UNINITIALIZED_AUTOS = YES_AGGRESSIVE;
				GCC_WARN_UNUSED_FUNCTION = YES;
				GCC_WARN_UNUSED_VARIABLE = YES;
				IPHONEOS_DEPLOYMENT_TARGET = 10.3;
				MTL_ENABLE_DEBUG_INFO = NO;
				SDKROOT = iphoneos;
				SWIFT_OPTIMIZATION_LEVEL = "-Owholemodule";
				TARGETED_DEVICE_FAMILY = "1,2";
				VALIDATE_PRODUCT = YES;
			};
			name = Release;
		};
		3FB136A11E979C7600C704DF /* Debug */ = {
			isa = XCBuildConfiguration;
			buildSettings = {
				ASSETCATALOG_COMPILER_APPICON_NAME = AppIcon;
				INFOPLIST_FILE = JohannesStraussHelloWorld/Info.plist;
				LD_RUNPATH_SEARCH_PATHS = "$(inherited) @executable_path/Frameworks";
				PRODUCT_BUNDLE_IDENTIFIER = "TH-Bingen.JohannesStraussHelloWorld";
				PRODUCT_NAME = "$(TARGET_NAME)";
				SWIFT_VERSION = 3.0;
			};
			name = Debug;
		};
		3FB136A21E979C7600C704DF /* Release */ = {
			isa = XCBuildConfiguration;
			buildSettings = {
				ASSETCATALOG_COMPILER_APPICON_NAME = AppIcon;
				INFOPLIST_FILE = JohannesStraussHelloWorld/Info.plist;
				LD_RUNPATH_SEARCH_PATHS = "$(inherited) @executable_path/Frameworks";
				PRODUCT_BUNDLE_IDENTIFIER = "TH-Bingen.JohannesStraussHelloWorld";
				PRODUCT_NAME = "$(TARGET_NAME)";
				SWIFT_VERSION = 3.0;
			};
			name = Release;
		};
		3FB136A41E979C7600C704DF /* Debug */ = {
			isa = XCBuildConfiguration;
			buildSettings = {
				ALWAYS_EMBED_SWIFT_STANDARD_LIBRARIES = YES;
				BUNDLE_LOADER = "$(TEST_HOST)";
				INFOPLIST_FILE = JohannesStraussHelloWorldTests/Info.plist;
				LD_RUNPATH_SEARCH_PATHS = "$(inherited) @executable_path/Frameworks @loader_path/Frameworks";
				PRODUCT_BUNDLE_IDENTIFIER = "TH-Bingen.JohannesStraussHelloWorldTests";
				PRODUCT_NAME = "$(TARGET_NAME)";
				SWIFT_VERSION = 3.0;
				TEST_HOST = "$(BUILT_PRODUCTS_DIR)/JohannesStraussHelloWorld.app/JohannesStraussHelloWorld";
			};
			name = Debug;
		};
		3FB136A51E979C7600C704DF /* Release */ = {
			isa = XCBuildConfiguration;
			buildSettings = {
				ALWAYS_EMBED_SWIFT_STANDARD_LIBRARIES = YES;
				BUNDLE_LOADER = "$(TEST_HOST)";
				INFOPLIST_FILE = JohannesStraussHelloWorldTests/Info.plist;
				LD_RUNPATH_SEARCH_PATHS = "$(inherited) @executable_path/Frameworks @loader_path/Frameworks";
				PRODUCT_BUNDLE_IDENTIFIER = "TH-Bingen.JohannesStraussHelloWorldTests";
				PRODUCT_NAME = "$(TARGET_NAME)";
				SWIFT_VERSION = 3.0;
				TEST_HOST = "$(BUILT_PRODUCTS_DIR)/JohannesStraussHelloWorld.app/JohannesStraussHelloWorld";
			};
			name = Release;
		};
		3FB136A71E979C7600C704DF /* Debug */ = {
			isa = XCBuildConfiguration;
			buildSettings = {
				ALWAYS_EMBED_SWIFT_STANDARD_LIBRARIES = YES;
				INFOPLIST_FILE = JohannesStraussHelloWorldUITests/Info.plist;
				LD_RUNPATH_SEARCH_PATHS = "$(inherited) @executable_path/Frameworks @loader_path/Frameworks";
				PRODUCT_BUNDLE_IDENTIFIER = "TH-Bingen.JohannesStraussHelloWorldUITests";
				PRODUCT_NAME = "$(TARGET_NAME)";
				SWIFT_VERSION = 3.0;
				TEST_TARGET_NAME = JohannesStraussHelloWorld;
			};
			name = Debug;
		};
		3FB136A81E979C7600C704DF /* Release */ = {
			isa = XCBuildConfiguration;
			buildSettings = {
				ALWAYS_EMBED_SWIFT_STANDARD_LIBRARIES = YES;
				INFOPLIST_FILE = JohannesStraussHelloWorldUITests/Info.plist;
				LD_RUNPATH_SEARCH_PATHS = "$(inherited) @executable_path/Frameworks @loader_path/Frameworks";
				PRODUCT_BUNDLE_IDENTIFIER = "TH-Bingen.JohannesStraussHelloWorldUITests";
				PRODUCT_NAME = "$(TARGET_NAME)";
				SWIFT_VERSION = 3.0;
				TEST_TARGET_NAME = JohannesStraussHelloWorld;
			};
			name = Release;
		};
/* End XCBuildConfiguration section */

/* Begin XCConfigurationList section */
		3FB136701E979C7500C704DF /* Build configuration list for PBXProject "JohannesStraussHelloWorld" */ = {
			isa = XCConfigurationList;
			buildConfigurations = (
				3FB1369E1E979C7600C704DF /* Debug */,
				3FB1369F1E979C7600C704DF /* Release */,
			);
			defaultConfigurationIsVisible = 0;
			defaultConfigurationName = Release;
		};
		3FB136A01E979C7600C704DF /* Build configuration list for PBXNativeTarget "JohannesStraussHelloWorld" */ = {
			isa = XCConfigurationList;
			buildConfigurations = (
				3FB136A11E979C7600C704DF /* Debug */,
				3FB136A21E979C7600C704DF /* Release */,
			);
			defaultConfigurationIsVisible = 0;
		};
		3FB136A31E979C7600C704DF /* Build configuration list for PBXNativeTarget "JohannesStraussHelloWorldTests" */ = {
			isa = XCConfigurationList;
			buildConfigurations = (
				3FB136A41E979C7600C704DF /* Debug */,
				3FB136A51E979C7600C704DF /* Release */,
			);
			defaultConfigurationIsVisible = 0;
		};
		3FB136A61E979C7600C704DF /* Build configuration list for PBXNativeTarget "JohannesStraussHelloWorldUITests" */ = {
			isa = XCConfigurationList;
			buildConfigurations = (
				3FB136A71E979C7600C704DF /* Debug */,
				3FB136A81E979C7600C704DF /* Release */,
			);
			defaultConfigurationIsVisible = 0;
		};
/* End XCConfigurationList section */

/* Begin XCVersionGroup section */
		3FB1367F1E979C7600C704DF /* JohannesStraussHelloWorld.xcdatamodeld */ = {
			isa = XCVersionGroup;
			children = (
				3FB136801E979C7600C704DF /* JohannesStraussHelloWorld.xcdatamodel */,
			);
			currentVersion = 3FB136801E979C7600C704DF /* JohannesStraussHelloWorld.xcdatamodel */;
			path = JohannesStraussHelloWorld.xcdatamodeld;
			sourceTree = "<group>";
			versionGroupType = wrapper.xcdatamodel;
		};
/* End XCVersionGroup section */
	};
	rootObject = 3FB1366D1E979C7500C704DF /* Project object */;
}
